{
	"requires": true,
	"lockfileVersion": 1,
	"dependencies": {
		"react-test-renderer": {
			"version": "16.5.2",
			"resolved": "https://registry.npmjs.org/react-test-renderer/-/react-test-renderer-16.5.2.tgz",
			"integrity": "sha512-AGbJYbCVx1J6jdUgI4s0hNp+9LxlgzKvXl0ROA3DHTrtjAr00Po1RhDZ/eAq2VC/ww8AHgpDXULh5V2rhEqqJg==",
			"requires": {
				"object-assign": "^4.1.1",
				"prop-types": "^15.6.2",
				"react-is": "^16.5.2",
				"schedule": "^0.5.0"
			},
			"dependencies": {
				"js-tokens": {
					"version": "4.0.0",
					"resolved": "https://registry.npmjs.org/js-tokens/-/js-tokens-4.0.0.tgz",
					"integrity": "sha512-RdJUflcE3cUzKiMqQgsCu06FPu9UdIJO0beYbPhHN4k6apgJtifcoCtT9bcxOpYBtpD2kCM6Sbzg4CausW/PKQ=="
				},
				"loose-envify": {
					"version": "1.4.0",
					"resolved": "https://registry.npmjs.org/loose-envify/-/loose-envify-1.4.0.tgz",
					"integrity": "sha512-lyuxPGr/Wfhrlem2CL/UcnUc1zcqKAImBDzukY7Y5F/yQiNdko6+fRLevlw1HgMySw7f611UIY408EtxRSoK3Q==",
					"requires": {
						"js-tokens": "^3.0.0 || ^4.0.0"
					}
				},
				"object-assign": {
					"version": "4.1.1",
					"resolved": "https://registry.npmjs.org/object-assign/-/object-assign-4.1.1.tgz",
					"integrity": "sha1-IQmtx5ZYh8/AXLvUQsrIv7s2CGM="
				},
				"prop-types": {
					"version": "15.6.2",
					"resolved": "https://registry.npmjs.org/prop-types/-/prop-types-15.6.2.tgz",
					"integrity": "sha512-3pboPvLiWD7dkI3qf3KbUe6hKFKa52w+AE0VCqECtf+QHAKgOL37tTaNCnuX1nAAQ4ZhyP+kYVKf8rLmJ/feDQ==",
					"requires": {
						"loose-envify": "^1.3.1",
						"object-assign": "^4.1.1"
					}
				},
				"react-is": {
					"version": "16.5.2",
					"resolved": "https://registry.npmjs.org/react-is/-/react-is-16.5.2.tgz",
					"integrity": "sha512-hSl7E6l25GTjNEZATqZIuWOgSnpXb3kD0DVCujmg46K5zLxsbiKaaT6VO9slkSBDPZfYs30lwfJwbOFOnoEnKQ=="
				},
				"schedule": {
					"version": "0.5.0",
					"resolved": "https://registry.npmjs.org/schedule/-/schedule-0.5.0.tgz",
					"integrity": "sha512-HUcJicG5Ou8xfR//c2rPT0lPIRR09vVvN81T9fqfVgBmhERUbDEQoYKjpBxbueJnCPpSu2ujXzOnRQt6x9o/jw==",
					"requires": {
						"object-assign": "^4.1.1"
					}
				}
			}
		}
	}
}
